
Microsoft Visual Studio Solution File, Format Version 12.00
# Visual Studio Version 17
VisualStudioVersion = 17.0.31903.59
MinimumVisualStudioVersion = 10.0.40219.1
Project("{FAE04EC0-301F-11D3-BF4B-00C04F79EFBC}") = "mySolutions.Api", "mySolutions.Api\mySolutions.Api.csproj", "{DAEA1BF0-1844-43F3-97FA-7DCBFB3DA9BD}"
EndProject
Project("{FAE04EC0-301F-11D3-BF4B-00C04F79EFBC}") = "mySolutions.Contracts", "mySolutions.Contracts\mySolutions.Contracts.csproj", "{384D8486-473D-406B-BB2D-BD3C7448199C}"
EndProject
Project("{FAE04EC0-301F-11D3-BF4B-00C04F79EFBC}") = "mySolution.LoggerService", "mySolutions.LoggerService\mySolution.LoggerService.csproj", "{6C79DA69-11A0-451E-B920-F74918000E18}"
EndProject
Project("{FAE04EC0-301F-11D3-BF4B-00C04F79EFBC}") = "mySolutions.Domain", "mySolutions.Domain\mySolutions.Domain.csproj", "{ED8169F6-EADF-468B-AAF4-22FBEAE2A181}"
EndProject
Project("{FAE04EC0-301F-11D3-BF4B-00C04F79EFBC}") = "mySolutions.Repository", "mySolutions.Repository\mySolutions.Repository.csproj", "{266E958E-B5CF-43F2-93A9-33469C2E92CF}"
EndProject
Global
	GlobalSection(SolutionConfigurationPlatforms) = preSolution
		Debug|Any CPU = Debug|Any CPU
		Release|Any CPU = Release|Any CPU
	EndGlobalSection
	GlobalSection(SolutionProperties) = preSolution
		HideSolutionNode = FALSE
	EndGlobalSection
	GlobalSection(ProjectConfigurationPlatforms) = postSolution
		{DAEA1BF0-1844-43F3-97FA-7DCBFB3DA9BD}.Debug|Any CPU.ActiveCfg = Debug|Any CPU
		{DAEA1BF0-1844-43F3-97FA-7DCBFB3DA9BD}.Debug|Any CPU.Build.0 = Debug|Any CPU
		{DAEA1BF0-1844-43F3-97FA-7DCBFB3DA9BD}.Release|Any CPU.ActiveCfg = Release|Any CPU
		{DAEA1BF0-1844-43F3-97FA-7DCBFB3DA9BD}.Release|Any CPU.Build.0 = Release|Any CPU
		{384D8486-473D-406B-BB2D-BD3C7448199C}.Debug|Any CPU.ActiveCfg = Debug|Any CPU
		{384D8486-473D-406B-BB2D-BD3C7448199C}.Debug|Any CPU.Build.0 = Debug|Any CPU
		{384D8486-473D-406B-BB2D-BD3C7448199C}.Release|Any CPU.ActiveCfg = Release|Any CPU
		{384D8486-473D-406B-BB2D-BD3C7448199C}.Release|Any CPU.Build.0 = Release|Any CPU
		{6C79DA69-11A0-451E-B920-F74918000E18}.Debug|Any CPU.ActiveCfg = Debug|Any CPU
		{6C79DA69-11A0-451E-B920-F74918000E18}.Debug|Any CPU.Build.0 = Debug|Any CPU
		{6C79DA69-11A0-451E-B920-F74918000E18}.Release|Any CPU.ActiveCfg = Release|Any CPU
		{6C79DA69-11A0-451E-B920-F74918000E18}.Release|Any CPU.Build.0 = Release|Any CPU
		{ED8169F6-EADF-468B-AAF4-22FBEAE2A181}.Debug|Any CPU.ActiveCfg = Debug|Any CPU
		{ED8169F6-EADF-468B-AAF4-22FBEAE2A181}.Debug|Any CPU.Build.0 = Debug|Any CPU
		{ED8169F6-EADF-468B-AAF4-22FBEAE2A181}.Release|Any CPU.ActiveCfg = Release|Any CPU
		{ED8169F6-EADF-468B-AAF4-22FBEAE2A181}.Release|Any CPU.Build.0 = Release|Any CPU
		{266E958E-B5CF-43F2-93A9-33469C2E92CF}.Debug|Any CPU.ActiveCfg = Debug|Any CPU
		{266E958E-B5CF-43F2-93A9-33469C2E92CF}.Debug|Any CPU.Build.0 = Debug|Any CPU
		{266E958E-B5CF-43F2-93A9-33469C2E92CF}.Release|Any CPU.ActiveCfg = Release|Any CPU
		{266E958E-B5CF-43F2-93A9-33469C2E92CF}.Release|Any CPU.Build.0 = Release|Any CPU
	EndGlobalSection
EndGlobal
